
Microsoft Visual Studio Solution File, Format Version 12.00
# Visual Studio Version 17
VisualStudioVersion = 17.9.34728.123
MinimumVisualStudioVersion = 10.0.40219.1
Project("{FAE04EC0-301F-11D3-BF4B-00C04F79EFBC}") = "TheLearningHub_Hotels", "TheLearningHub_Hotels\TheLearningHub_Hotels.csproj", "{BFBCAB30-92ED-478F-93C0-F4CE0A439E1E}"
EndProject
Global
	GlobalSection(SolutionConfigurationPlatforms) = preSolution
		Debug|Any CPU = Debug|Any CPU
		Release|Any CPU = Release|Any CPU
	EndGlobalSection
	GlobalSection(ProjectConfigurationPlatforms) = postSolution
		{BFBCAB30-92ED-478F-93C0-F4CE0A439E1E}.Debug|Any CPU.ActiveCfg = Debug|Any CPU
		{BFBCAB30-92ED-478F-93C0-F4CE0A439E1E}.Debug|Any CPU.Build.0 = Debug|Any CPU
		{BFBCAB30-92ED-478F-93C0-F4CE0A439E1E}.Release|Any CPU.ActiveCfg = Release|Any CPU
		{BFBCAB30-92ED-478F-93C0-F4CE0A439E1E}.Release|Any CPU.Build.0 = Release|Any CPU
	EndGlobalSection
	GlobalSection(SolutionProperties) = preSolution
		HideSolutionNode = FALSE
	EndGlobalSection
	GlobalSection(ExtensibilityGlobals) = postSolution
		SolutionGuid = {83F129D1-8D2B-45D4-9110-9A533FBB20EC}
	EndGlobalSection
EndGlobal
